{
  "name": "backend",
  "lockfileVersion": 3,
  "requires": true,
  "packages": {
    "": {
      "dependencies": {
        "@stripe/stripe-js": "^8.1.0"
      }
    },
    "node_modules/@stripe/stripe-js": {
      "version": "8.1.0",
      "resolved": "https://registry.npmjs.org/@stripe/stripe-js/-/stripe-js-8.1.0.tgz",
      "integrity": "sha512-bhhi0iSHDFRa2pPVv3WOHC6x/iGEu5AZqIiAvXsT8VOucsEre9gzgsK0jFzbzfGW2eeubF+mCdTTYwNAQCMJKg==",
      "license": "MIT",
      "engines": {
        "node": ">=12.16"
      }
    }
  }
}
